// !$*UTF8*$!
{
	archiveVersion = 1;
	classes = {
	};
	objectVersion = 52;
	objects = {

/* Begin PBXBuildFile section */
		5B00565F27959427002BBFD0 /* NotificationService.swift in Sources */ = {isa = PBXBuildFile; fileRef = 5B00565E27959427002BBFD0 /* NotificationService.swift */; };
		5B00566127959741002BBFD0 /* NoteViewControllerTest.swift in Sources */ = {isa = PBXBuildFile; fileRef = 5B00566027959741002BBFD0 /* NoteViewControllerTest.swift */; };
		5B35900A2796EC1600ECF0C1 /* NotesViewDelegate.swift in Sources */ = {isa = PBXBuildFile; fileRef = BA578D5F278F1A2D000617F6 /* NotesViewDelegate.swift */; };
		5B35900D2796ED3600ECF0C1 /* SnapshotTesting in Frameworks */ = {isa = PBXBuildFile; productRef = 5B35900C2796ED3600ECF0C1 /* SnapshotTesting */; };
		5B3590102796F5FA00ECF0C1 /* NoteViewTest.swift in Sources */ = {isa = PBXBuildFile; fileRef = 5B35900F2796F5FA00ECF0C1 /* NoteViewTest.swift */; };
		5B3FF18E2799940A00828097 /* LocalStorageService.swift in Sources */ = {isa = PBXBuildFile; fileRef = 5B3FF18D2799940A00828097 /* LocalStorageService.swift */; };
		5B3FF1932799953200828097 /* AllNotesViewController+NoteSmallCellCollectionViewCellDelegate.swift in Sources */ = {isa = PBXBuildFile; fileRef = 5B3FF1922799953200828097 /* AllNotesViewController+NoteSmallCellCollectionViewCellDelegate.swift */; };
		5B3FF1952799956500828097 /* AllNotesViewController+UISearchResultsUpdating.swift in Sources */ = {isa = PBXBuildFile; fileRef = 5B3FF1942799956500828097 /* AllNotesViewController+UISearchResultsUpdating.swift */; };
		5B3FF1972799958E00828097 /* AllNotesViewController+DataSourceHelpers.swift in Sources */ = {isa = PBXBuildFile; fileRef = 5B3FF1962799958E00828097 /* AllNotesViewController+DataSourceHelpers.swift */; };
		5B3FF1992799968C00828097 /* AllNotesViewController+TagRepositoryDelegate.swift in Sources */ = {isa = PBXBuildFile; fileRef = 5B3FF1982799968C00828097 /* AllNotesViewController+TagRepositoryDelegate.swift */; };
		5B3FF19C279996C600828097 /* AllNotesViewController+NoteRepositoryProtocolDelegate.swift in Sources */ = {isa = PBXBuildFile; fileRef = 5B3FF19B279996C600828097 /* AllNotesViewController+NoteRepositoryProtocolDelegate.swift */; };
		5B3FF19E279996E900828097 /* AllNotesViewController+AllNotesViewDelegate.swift in Sources */ = {isa = PBXBuildFile; fileRef = 5B3FF19D279996E900828097 /* AllNotesViewController+AllNotesViewDelegate.swift */; };
		5B3FF1A12799980800828097 /* NoteViewController+NoteViewDelegate.swift in Sources */ = {isa = PBXBuildFile; fileRef = 5B3FF1A02799980800828097 /* NoteViewController+NoteViewDelegate.swift */; };
		5B3FF1A32799982F00828097 /* NoteViewController+NoteRepositoryProtocolDelegate.swift in Sources */ = {isa = PBXBuildFile; fileRef = 5B3FF1A22799982F00828097 /* NoteViewController+NoteRepositoryProtocolDelegate.swift */; };
		5B3FF1A52799985A00828097 /* NoteViewController+DataSourceHelpers.swift in Sources */ = {isa = PBXBuildFile; fileRef = 5B3FF1A42799985A00828097 /* NoteViewController+DataSourceHelpers.swift */; };
		5B3FF1A7279998C700828097 /* UIViewController+UIAlertHelpers.swift in Sources */ = {isa = PBXBuildFile; fileRef = 5B3FF1A6279998C700828097 /* UIViewController+UIAlertHelpers.swift */; };
		5B3FF1AA2799992900828097 /* SettingsViewController+UITableViewDelegate.swift in Sources */ = {isa = PBXBuildFile; fileRef = 5B3FF1A92799992900828097 /* SettingsViewController+UITableViewDelegate.swift */; };
		5B3FF1AD2799996F00828097 /* ThemesViewController+UICollectionViewDelegate.swift in Sources */ = {isa = PBXBuildFile; fileRef = 5B3FF1AC2799996F00828097 /* ThemesViewController+UICollectionViewDelegate.swift */; };
		5B3FF1B027999C6100828097 /* CoordinatorProtocol.swift in Sources */ = {isa = PBXBuildFile; fileRef = 5B3FF1AF27999C6100828097 /* CoordinatorProtocol.swift */; };
		5B3FF1B22799AEC000828097 /* MainCoordinator.swift in Sources */ = {isa = PBXBuildFile; fileRef = 5B3FF1B12799AEC000828097 /* MainCoordinator.swift */; };
		5B3FF1B42799AECB00828097 /* AllNotesCoordinator.swift in Sources */ = {isa = PBXBuildFile; fileRef = 5B3FF1B32799AECB00828097 /* AllNotesCoordinator.swift */; };
		5B3FF1B62799AF8600828097 /* MainCoordinatorDummy.swift in Sources */ = {isa = PBXBuildFile; fileRef = 5B3FF1B52799AF8600828097 /* MainCoordinatorDummy.swift */; };
		5B3FF1B82799AF9100828097 /* AllNotesCoordinatorDummy.swift in Sources */ = {isa = PBXBuildFile; fileRef = 5B3FF1B72799AF9100828097 /* AllNotesCoordinatorDummy.swift */; };
		5B3FF1BA2799B09800828097 /* LocalStorageServiceDummy.swift in Sources */ = {isa = PBXBuildFile; fileRef = 5B3FF1B92799B09800828097 /* LocalStorageServiceDummy.swift */; };
		5B3FF1BC2799B21E00828097 /* MainCoordinatorTests.swift in Sources */ = {isa = PBXBuildFile; fileRef = 5B3FF1BB2799B21E00828097 /* MainCoordinatorTests.swift */; };
		5B45761C2790593100EF1036 /* CoreDataStack.swift in Sources */ = {isa = PBXBuildFile; fileRef = 5B4576192790593100EF1036 /* CoreDataStack.swift */; };
		5B45761E2790593100EF1036 /* NotesRepository.swift in Sources */ = {isa = PBXBuildFile; fileRef = 5B45761B2790593100EF1036 /* NotesRepository.swift */; };
		5B457620279059C400EF1036 /* NotesRepositoryTest.swift in Sources */ = {isa = PBXBuildFile; fileRef = 5B45761F279059C400EF1036 /* NotesRepositoryTest.swift */; };
		5B4576222790651B00EF1036 /* TagCollectionViewCell.swift in Sources */ = {isa = PBXBuildFile; fileRef = 5B4576212790651B00EF1036 /* TagCollectionViewCell.swift */; };
		5B45762B279073EE00EF1036 /* NoteCellViewModel.swift in Sources */ = {isa = PBXBuildFile; fileRef = 5B45762A279073EE00EF1036 /* NoteCellViewModel.swift */; };
		5B4576302790791400EF1036 /* FetchResultsControllerDelegateDummy.swift in Sources */ = {isa = PBXBuildFile; fileRef = 5B45762F2790791400EF1036 /* FetchResultsControllerDelegateDummy.swift */; };
		5B45763227919FCF00EF1036 /* NotesRepositoryProtocol.swift in Sources */ = {isa = PBXBuildFile; fileRef = 5B45763127919FCF00EF1036 /* NotesRepositoryProtocol.swift */; };
		5B4576342791A0B000EF1036 /* NoteProtocol.swift in Sources */ = {isa = PBXBuildFile; fileRef = 5B4576332791A0B000EF1036 /* NoteProtocol.swift */; };
		5B73C9F3278F2B14005F2D89 /* NoteSmallCellCollectionViewCell.swift in Sources */ = {isa = PBXBuildFile; fileRef = 5B73C9F2278F2B14005F2D89 /* NoteSmallCellCollectionViewCell.swift */; };
		5B73C9F7278F755C005F2D89 /* NoteSmallCellCollectionViewCellDelegate.swift in Sources */ = {isa = PBXBuildFile; fileRef = 5B73C9F6278F755C005F2D89 /* NoteSmallCellCollectionViewCellDelegate.swift */; };
		5B73C9FB278F80FA005F2D89 /* AllNotesView.swift in Sources */ = {isa = PBXBuildFile; fileRef = 5B73C9FA278F80FA005F2D89 /* AllNotesView.swift */; };
		5B73C9FE278F8114005F2D89 /* AllNotesViewController.swift in Sources */ = {isa = PBXBuildFile; fileRef = 5B73C9FD278F8114005F2D89 /* AllNotesViewController.swift */; };
		5BB5B9F7279886C200F9CCF6 /* UIActivityViewController+NoteCellViewModel.swift in Sources */ = {isa = PBXBuildFile; fileRef = 5BB5B9F6279886C200F9CCF6 /* UIActivityViewController+NoteCellViewModel.swift */; };
		5BB7FDFC2795C5B100A6F335 /* NoteDummy.swift in Sources */ = {isa = PBXBuildFile; fileRef = 5BB7FDFB2795C5B100A6F335 /* NoteDummy.swift */; };
		5BB7FDFE2795C5D000A6F335 /* NotificationServiceDummy.swift in Sources */ = {isa = PBXBuildFile; fileRef = 5BB7FDFD2795C5D000A6F335 /* NotificationServiceDummy.swift */; };
		5BB7FE002795C61B00A6F335 /* NoteRepositoryDummy.swift in Sources */ = {isa = PBXBuildFile; fileRef = 5BB7FDFF2795C61B00A6F335 /* NoteRepositoryDummy.swift */; };
		5BB7FE022795EDB800A6F335 /* NotificationName.swift in Sources */ = {isa = PBXBuildFile; fileRef = 5BB7FE012795EDB800A6F335 /* NotificationName.swift */; };
		5BB7FE042795FF4E00A6F335 /* NoteRepositoryDelegateDummy.swift in Sources */ = {isa = PBXBuildFile; fileRef = 5BB7FE032795FF4E00A6F335 /* NoteRepositoryDelegateDummy.swift */; };
		5BB7FE052796EB8600A6F335 /* AppDelegate.swift in Sources */ = {isa = PBXBuildFile; fileRef = BAB1E020269DBBF8001FC3CC /* AppDelegate.swift */; };
		9D31F35E2791C02D000F6B4A /* NoteHeader.swift in Sources */ = {isa = PBXBuildFile; fileRef = 9D31F35D2791C02D000F6B4A /* NoteHeader.swift */; };
		9D31F3602791C13A000F6B4A /* TagHeader.swift in Sources */ = {isa = PBXBuildFile; fileRef = 9D31F35F2791C13A000F6B4A /* TagHeader.swift */; };
		9D388413279AF9C0006FA73B /* AllNotesViewControllerTest.swift in Sources */ = {isa = PBXBuildFile; fileRef = 9D388412279AF9C0006FA73B /* AllNotesViewControllerTest.swift */; };
		9D388415279AFDD4006FA73B /* SettingsViewControllerTest.swift in Sources */ = {isa = PBXBuildFile; fileRef = 9D388414279AFDD4006FA73B /* SettingsViewControllerTest.swift */; };
		9D40CF3F2795BEC400818D9B /* UIAlertControllerUtilities.swift in Sources */ = {isa = PBXBuildFile; fileRef = 9D40CF3E2795BEC400818D9B /* UIAlertControllerUtilities.swift */; };
		9DAC68F9278F3234005554B6 /* NoteCollectionViewCell.swift in Sources */ = {isa = PBXBuildFile; fileRef = 9DAC68F8278F3234005554B6 /* NoteCollectionViewCell.swift */; };
		9DE31E7127970A3F005B21BC /* TagProtocol.swift in Sources */ = {isa = PBXBuildFile; fileRef = 9DE31E7027970A3F005B21BC /* TagProtocol.swift */; };
		9DE31E7327970AF4005B21BC /* TagCellViewModel.swift in Sources */ = {isa = PBXBuildFile; fileRef = 9DE31E7227970AF4005B21BC /* TagCellViewModel.swift */; };
		9DE31E75279714DE005B21BC /* AllNotesViewDelegate.swift in Sources */ = {isa = PBXBuildFile; fileRef = 9DE31E74279714DE005B21BC /* AllNotesViewDelegate.swift */; };
		9DE31E7927972F6F005B21BC /* TagRepositoryProtocol.swift in Sources */ = {isa = PBXBuildFile; fileRef = 9DE31E7827972F6F005B21BC /* TagRepositoryProtocol.swift */; };
		9DE31E7B27972FA6005B21BC /* TagRepository.swift in Sources */ = {isa = PBXBuildFile; fileRef = 9DE31E7A27972FA6005B21BC /* TagRepository.swift */; };
		9DE31E81279849BF005B21BC /* TagDummy.swift in Sources */ = {isa = PBXBuildFile; fileRef = 9DE31E7D279736B6005B21BC /* TagDummy.swift */; };
		9DE31E83279849F0005B21BC /* TagRepositoryDummy.swift in Sources */ = {isa = PBXBuildFile; fileRef = 9DE31E82279849F0005B21BC /* TagRepositoryDummy.swift */; };
		9DE31E8527984AD8005B21BC /* AllNoteViewTest.swift in Sources */ = {isa = PBXBuildFile; fileRef = 9DE31E8427984AD8005B21BC /* AllNoteViewTest.swift */; };
		BA2D1BEB2795A5EF00849955 /* ThemeCollectionData.swift in Sources */ = {isa = PBXBuildFile; fileRef = BA2D1BEA2795A5EF00849955 /* ThemeCollectionData.swift */; };
		BA2D1BED2795AEA100849955 /* Settings.swift in Sources */ = {isa = PBXBuildFile; fileRef = BA2D1BEC2795AEA100849955 /* Settings.swift */; };
		BA2D1BEF2795BB1200849955 /* SettingsTableCell.swift in Sources */ = {isa = PBXBuildFile; fileRef = BA2D1BEE2795BB1200849955 /* SettingsTableCell.swift */; };
		BA578D57278EFC6A000617F6 /* NoteViewController.swift in Sources */ = {isa = PBXBuildFile; fileRef = BA578D56278EFC6A000617F6 /* NoteViewController.swift */; };
		BA578D59278EFCEB000617F6 /* NoteView.swift in Sources */ = {isa = PBXBuildFile; fileRef = BA578D58278EFCEB000617F6 /* NoteView.swift */; };
		BA578D5B278F025F000617F6 /* ColorSet.swift in Sources */ = {isa = PBXBuildFile; fileRef = BA578D5A278F025F000617F6 /* ColorSet.swift */; };
		BAB1E023269DBBF8001FC3CC /* SceneDelegate.swift in Sources */ = {isa = PBXBuildFile; fileRef = BAB1E022269DBBF8001FC3CC /* SceneDelegate.swift */; };
		BAB1E02B269DBBF8001FC3CC /* NotesModel.xcdatamodeld in Sources */ = {isa = PBXBuildFile; fileRef = BAB1E029269DBBF8001FC3CC /* NotesModel.xcdatamodeld */; };
		BAB1E02D269DBBFA001FC3CC /* Assets.xcassets in Resources */ = {isa = PBXBuildFile; fileRef = BAB1E02C269DBBFA001FC3CC /* Assets.xcassets */; };
		BAB1E030269DBBFA001FC3CC /* LaunchScreen.storyboard in Resources */ = {isa = PBXBuildFile; fileRef = BAB1E02E269DBBFA001FC3CC /* LaunchScreen.storyboard */; };
		BAC82D5926A9DD2300E52701 /* NoteExtension.swift in Sources */ = {isa = PBXBuildFile; fileRef = BAC82D5826A9DD2300E52701 /* NoteExtension.swift */; };
		C87AA536279082FA00E2AEF1 /* ThemesViewController.swift in Sources */ = {isa = PBXBuildFile; fileRef = C87AA535279082FA00E2AEF1 /* ThemesViewController.swift */; };
		C87AA53A2791A57D00E2AEF1 /* ThemesView.swift in Sources */ = {isa = PBXBuildFile; fileRef = C87AA5392791A57D00E2AEF1 /* ThemesView.swift */; };
		C87AA53C2797101500E2AEF1 /* ThemableViewController.swift in Sources */ = {isa = PBXBuildFile; fileRef = C87AA53B2797101500E2AEF1 /* ThemableViewController.swift */; };
		C87AA53F2797207D00E2AEF1 /* ThemableView.swift in Sources */ = {isa = PBXBuildFile; fileRef = C87AA53E2797207D00E2AEF1 /* ThemableView.swift */; };
		C87AA54127972D5F00E2AEF1 /* NoteCellContentView.swift in Sources */ = {isa = PBXBuildFile; fileRef = C87AA54027972D5F00E2AEF1 /* NoteCellContentView.swift */; };
		C88C7A6A27999E760090613F /* NoteSmallCellContentView.swift in Sources */ = {isa = PBXBuildFile; fileRef = C88C7A6927999E760090613F /* NoteSmallCellContentView.swift */; };
		C88C7A6E279AE89E0090613F /* NavigationController.swift in Sources */ = {isa = PBXBuildFile; fileRef = C88C7A6D279AE89E0090613F /* NavigationController.swift */; };
		E935C95727906F9100835897 /* SettingsView.swift in Sources */ = {isa = PBXBuildFile; fileRef = E935C95627906F9100835897 /* SettingsView.swift */; };
		E935C95C27906FFC00835897 /* SettingsViewController.swift in Sources */ = {isa = PBXBuildFile; fileRef = E935C95B27906FFC00835897 /* SettingsViewController.swift */; };
		E935C95E2790787D00835897 /* SettingTableDataSource.swift in Sources */ = {isa = PBXBuildFile; fileRef = E935C95D2790787D00835897 /* SettingTableDataSource.swift */; };
		E9E5DE672791BFF80047C805 /* ThemeCollectionViewCell.swift in Sources */ = {isa = PBXBuildFile; fileRef = E9E5DE662791BFF80047C805 /* ThemeCollectionViewCell.swift */; };
		E9E5DE692791C1A30047C805 /* ThemesCollectionDataSouce.swift in Sources */ = {isa = PBXBuildFile; fileRef = E9E5DE682791C1A30047C805 /* ThemesCollectionDataSouce.swift */; };
/* End PBXBuildFile section */

/* Begin PBXContainerItemProxy section */
		5BFD81E0278DB2FA004833F5 /* PBXContainerItemProxy */ = {
			isa = PBXContainerItemProxy;
			containerPortal = BAB1E015269DBBF8001FC3CC /* Project object */;
			proxyType = 1;
			remoteGlobalIDString = BAB1E01C269DBBF8001FC3CC;
			remoteInfo = NotesApp;
		};
/* End PBXContainerItemProxy section */

/* Begin PBXFileReference section */
		5B00565E27959427002BBFD0 /* NotificationService.swift */ = {isa = PBXFileReference; lastKnownFileType = sourcecode.swift; path = NotificationService.swift; sourceTree = "<group>"; };
		5B00566027959741002BBFD0 /* NoteViewControllerTest.swift */ = {isa = PBXFileReference; lastKnownFileType = sourcecode.swift; path = NoteViewControllerTest.swift; sourceTree = "<group>"; };
		5B35900F2796F5FA00ECF0C1 /* NoteViewTest.swift */ = {isa = PBXFileReference; lastKnownFileType = sourcecode.swift; path = NoteViewTest.swift; sourceTree = "<group>"; };
		5B3FF18D2799940A00828097 /* LocalStorageService.swift */ = {isa = PBXFileReference; lastKnownFileType = sourcecode.swift; path = LocalStorageService.swift; sourceTree = "<group>"; };
		5B3FF1922799953200828097 /* AllNotesViewController+NoteSmallCellCollectionViewCellDelegate.swift */ = {isa = PBXFileReference; lastKnownFileType = sourcecode.swift; path = "AllNotesViewController+NoteSmallCellCollectionViewCellDelegate.swift"; sourceTree = "<group>"; };
		5B3FF1942799956500828097 /* AllNotesViewController+UISearchResultsUpdating.swift */ = {isa = PBXFileReference; lastKnownFileType = sourcecode.swift; path = "AllNotesViewController+UISearchResultsUpdating.swift"; sourceTree = "<group>"; };
		5B3FF1962799958E00828097 /* AllNotesViewController+DataSourceHelpers.swift */ = {isa = PBXFileReference; lastKnownFileType = sourcecode.swift; path = "AllNotesViewController+DataSourceHelpers.swift"; sourceTree = "<group>"; };
		5B3FF1982799968C00828097 /* AllNotesViewController+TagRepositoryDelegate.swift */ = {isa = PBXFileReference; lastKnownFileType = sourcecode.swift; path = "AllNotesViewController+TagRepositoryDelegate.swift"; sourceTree = "<group>"; };
		5B3FF19B279996C600828097 /* AllNotesViewController+NoteRepositoryProtocolDelegate.swift */ = {isa = PBXFileReference; lastKnownFileType = sourcecode.swift; path = "AllNotesViewController+NoteRepositoryProtocolDelegate.swift"; sourceTree = "<group>"; };
		5B3FF19D279996E900828097 /* AllNotesViewController+AllNotesViewDelegate.swift */ = {isa = PBXFileReference; lastKnownFileType = sourcecode.swift; path = "AllNotesViewController+AllNotesViewDelegate.swift"; sourceTree = "<group>"; };
		5B3FF1A02799980800828097 /* NoteViewController+NoteViewDelegate.swift */ = {isa = PBXFileReference; lastKnownFileType = sourcecode.swift; path = "NoteViewController+NoteViewDelegate.swift"; sourceTree = "<group>"; };
		5B3FF1A22799982F00828097 /* NoteViewController+NoteRepositoryProtocolDelegate.swift */ = {isa = PBXFileReference; lastKnownFileType = sourcecode.swift; path = "NoteViewController+NoteRepositoryProtocolDelegate.swift"; sourceTree = "<group>"; };
		5B3FF1A42799985A00828097 /* NoteViewController+DataSourceHelpers.swift */ = {isa = PBXFileReference; lastKnownFileType = sourcecode.swift; path = "NoteViewController+DataSourceHelpers.swift"; sourceTree = "<group>"; };
		5B3FF1A6279998C700828097 /* UIViewController+UIAlertHelpers.swift */ = {isa = PBXFileReference; lastKnownFileType = sourcecode.swift; path = "UIViewController+UIAlertHelpers.swift"; sourceTree = "<group>"; };
		5B3FF1A92799992900828097 /* SettingsViewController+UITableViewDelegate.swift */ = {isa = PBXFileReference; lastKnownFileType = sourcecode.swift; path = "SettingsViewController+UITableViewDelegate.swift"; sourceTree = "<group>"; };
		5B3FF1AC2799996F00828097 /* ThemesViewController+UICollectionViewDelegate.swift */ = {isa = PBXFileReference; lastKnownFileType = sourcecode.swift; path = "ThemesViewController+UICollectionViewDelegate.swift"; sourceTree = "<group>"; };
		5B3FF1AF27999C6100828097 /* CoordinatorProtocol.swift */ = {isa = PBXFileReference; lastKnownFileType = sourcecode.swift; path = CoordinatorProtocol.swift; sourceTree = "<group>"; };
		5B3FF1B12799AEC000828097 /* MainCoordinator.swift */ = {isa = PBXFileReference; lastKnownFileType = sourcecode.swift; path = MainCoordinator.swift; sourceTree = "<group>"; };
		5B3FF1B32799AECB00828097 /* AllNotesCoordinator.swift */ = {isa = PBXFileReference; lastKnownFileType = sourcecode.swift; path = AllNotesCoordinator.swift; sourceTree = "<group>"; };
		5B3FF1B52799AF8600828097 /* MainCoordinatorDummy.swift */ = {isa = PBXFileReference; lastKnownFileType = sourcecode.swift; path = MainCoordinatorDummy.swift; sourceTree = "<group>"; };
		5B3FF1B72799AF9100828097 /* AllNotesCoordinatorDummy.swift */ = {isa = PBXFileReference; lastKnownFileType = sourcecode.swift; path = AllNotesCoordinatorDummy.swift; sourceTree = "<group>"; };
		5B3FF1B92799B09800828097 /* LocalStorageServiceDummy.swift */ = {isa = PBXFileReference; lastKnownFileType = sourcecode.swift; path = LocalStorageServiceDummy.swift; sourceTree = "<group>"; };
		5B3FF1BB2799B21E00828097 /* MainCoordinatorTests.swift */ = {isa = PBXFileReference; lastKnownFileType = sourcecode.swift; path = MainCoordinatorTests.swift; sourceTree = "<group>"; };
		5B4576192790593100EF1036 /* CoreDataStack.swift */ = {isa = PBXFileReference; fileEncoding = 4; lastKnownFileType = sourcecode.swift; path = CoreDataStack.swift; sourceTree = "<group>"; };
		5B45761B2790593100EF1036 /* NotesRepository.swift */ = {isa = PBXFileReference; fileEncoding = 4; lastKnownFileType = sourcecode.swift; path = NotesRepository.swift; sourceTree = "<group>"; };
		5B45761F279059C400EF1036 /* NotesRepositoryTest.swift */ = {isa = PBXFileReference; fileEncoding = 4; lastKnownFileType = sourcecode.swift; path = NotesRepositoryTest.swift; sourceTree = "<group>"; };
		5B4576212790651B00EF1036 /* TagCollectionViewCell.swift */ = {isa = PBXFileReference; lastKnownFileType = sourcecode.swift; path = TagCollectionViewCell.swift; sourceTree = "<group>"; };
		5B45762A279073EE00EF1036 /* NoteCellViewModel.swift */ = {isa = PBXFileReference; lastKnownFileType = sourcecode.swift; path = NoteCellViewModel.swift; sourceTree = "<group>"; };
		5B45762F2790791400EF1036 /* FetchResultsControllerDelegateDummy.swift */ = {isa = PBXFileReference; lastKnownFileType = sourcecode.swift; path = FetchResultsControllerDelegateDummy.swift; sourceTree = "<group>"; };
		5B45763127919FCF00EF1036 /* NotesRepositoryProtocol.swift */ = {isa = PBXFileReference; fileEncoding = 4; lastKnownFileType = sourcecode.swift; path = NotesRepositoryProtocol.swift; sourceTree = "<group>"; };
		5B4576332791A0B000EF1036 /* NoteProtocol.swift */ = {isa = PBXFileReference; lastKnownFileType = sourcecode.swift; path = NoteProtocol.swift; sourceTree = "<group>"; };
		5B73C9F2278F2B14005F2D89 /* NoteSmallCellCollectionViewCell.swift */ = {isa = PBXFileReference; lastKnownFileType = sourcecode.swift; path = NoteSmallCellCollectionViewCell.swift; sourceTree = "<group>"; };
		5B73C9F6278F755C005F2D89 /* NoteSmallCellCollectionViewCellDelegate.swift */ = {isa = PBXFileReference; lastKnownFileType = sourcecode.swift; path = NoteSmallCellCollectionViewCellDelegate.swift; sourceTree = "<group>"; };
		5B73C9FA278F80FA005F2D89 /* AllNotesView.swift */ = {isa = PBXFileReference; lastKnownFileType = sourcecode.swift; path = AllNotesView.swift; sourceTree = "<group>"; };
		5B73C9FD278F8114005F2D89 /* AllNotesViewController.swift */ = {isa = PBXFileReference; lastKnownFileType = sourcecode.swift; path = AllNotesViewController.swift; sourceTree = "<group>"; };
		5BB5B9F6279886C200F9CCF6 /* UIActivityViewController+NoteCellViewModel.swift */ = {isa = PBXFileReference; lastKnownFileType = sourcecode.swift; path = "UIActivityViewController+NoteCellViewModel.swift"; sourceTree = "<group>"; };
		5BB7FDFB2795C5B100A6F335 /* NoteDummy.swift */ = {isa = PBXFileReference; lastKnownFileType = sourcecode.swift; path = NoteDummy.swift; sourceTree = "<group>"; };
		5BB7FDFD2795C5D000A6F335 /* NotificationServiceDummy.swift */ = {isa = PBXFileReference; lastKnownFileType = sourcecode.swift; path = NotificationServiceDummy.swift; sourceTree = "<group>"; };
		5BB7FDFF2795C61B00A6F335 /* NoteRepositoryDummy.swift */ = {isa = PBXFileReference; lastKnownFileType = sourcecode.swift; path = NoteRepositoryDummy.swift; sourceTree = "<group>"; };
		5BB7FE012795EDB800A6F335 /* NotificationName.swift */ = {isa = PBXFileReference; lastKnownFileType = sourcecode.swift; path = NotificationName.swift; sourceTree = "<group>"; };
		5BB7FE032795FF4E00A6F335 /* NoteRepositoryDelegateDummy.swift */ = {isa = PBXFileReference; lastKnownFileType = sourcecode.swift; path = NoteRepositoryDelegateDummy.swift; sourceTree = "<group>"; };
		5BFD81DC278DB2FA004833F5 /* NotesAppTests.xctest */ = {isa = PBXFileReference; explicitFileType = wrapper.cfbundle; includeInIndex = 0; path = NotesAppTests.xctest; sourceTree = BUILT_PRODUCTS_DIR; };
		9D31F35D2791C02D000F6B4A /* NoteHeader.swift */ = {isa = PBXFileReference; lastKnownFileType = sourcecode.swift; path = NoteHeader.swift; sourceTree = "<group>"; };
		9D31F35F2791C13A000F6B4A /* TagHeader.swift */ = {isa = PBXFileReference; lastKnownFileType = sourcecode.swift; path = TagHeader.swift; sourceTree = "<group>"; };
		9D388412279AF9C0006FA73B /* AllNotesViewControllerTest.swift */ = {isa = PBXFileReference; lastKnownFileType = sourcecode.swift; path = AllNotesViewControllerTest.swift; sourceTree = "<group>"; };
		9D388414279AFDD4006FA73B /* SettingsViewControllerTest.swift */ = {isa = PBXFileReference; lastKnownFileType = sourcecode.swift; path = SettingsViewControllerTest.swift; sourceTree = "<group>"; };
		9D40CF3E2795BEC400818D9B /* UIAlertControllerUtilities.swift */ = {isa = PBXFileReference; lastKnownFileType = sourcecode.swift; path = UIAlertControllerUtilities.swift; sourceTree = "<group>"; };
		9DAC68F8278F3234005554B6 /* NoteCollectionViewCell.swift */ = {isa = PBXFileReference; lastKnownFileType = sourcecode.swift; path = NoteCollectionViewCell.swift; sourceTree = "<group>"; };
		9DE31E7027970A3F005B21BC /* TagProtocol.swift */ = {isa = PBXFileReference; lastKnownFileType = sourcecode.swift; path = TagProtocol.swift; sourceTree = "<group>"; };
		9DE31E7227970AF4005B21BC /* TagCellViewModel.swift */ = {isa = PBXFileReference; lastKnownFileType = sourcecode.swift; path = TagCellViewModel.swift; sourceTree = "<group>"; };
		9DE31E74279714DE005B21BC /* AllNotesViewDelegate.swift */ = {isa = PBXFileReference; lastKnownFileType = sourcecode.swift; path = AllNotesViewDelegate.swift; sourceTree = "<group>"; };
		9DE31E7827972F6F005B21BC /* TagRepositoryProtocol.swift */ = {isa = PBXFileReference; lastKnownFileType = sourcecode.swift; path = TagRepositoryProtocol.swift; sourceTree = "<group>"; };
		9DE31E7A27972FA6005B21BC /* TagRepository.swift */ = {isa = PBXFileReference; lastKnownFileType = sourcecode.swift; path = TagRepository.swift; sourceTree = "<group>"; };
		9DE31E7D279736B6005B21BC /* TagDummy.swift */ = {isa = PBXFileReference; lastKnownFileType = sourcecode.swift; path = TagDummy.swift; sourceTree = "<group>"; };
		9DE31E82279849F0005B21BC /* TagRepositoryDummy.swift */ = {isa = PBXFileReference; lastKnownFileType = sourcecode.swift; path = TagRepositoryDummy.swift; sourceTree = "<group>"; };
		9DE31E8427984AD8005B21BC /* AllNoteViewTest.swift */ = {isa = PBXFileReference; lastKnownFileType = sourcecode.swift; path = AllNoteViewTest.swift; sourceTree = "<group>"; };
		BA2D1BEA2795A5EF00849955 /* ThemeCollectionData.swift */ = {isa = PBXFileReference; lastKnownFileType = sourcecode.swift; path = ThemeCollectionData.swift; sourceTree = "<group>"; };
		BA2D1BEC2795AEA100849955 /* Settings.swift */ = {isa = PBXFileReference; lastKnownFileType = sourcecode.swift; path = Settings.swift; sourceTree = "<group>"; };
		BA2D1BEE2795BB1200849955 /* SettingsTableCell.swift */ = {isa = PBXFileReference; lastKnownFileType = sourcecode.swift; path = SettingsTableCell.swift; sourceTree = "<group>"; };
		BA578D56278EFC6A000617F6 /* NoteViewController.swift */ = {isa = PBXFileReference; lastKnownFileType = sourcecode.swift; path = NoteViewController.swift; sourceTree = "<group>"; };
		BA578D58278EFCEB000617F6 /* NoteView.swift */ = {isa = PBXFileReference; lastKnownFileType = sourcecode.swift; path = NoteView.swift; sourceTree = "<group>"; };
		BA578D5A278F025F000617F6 /* ColorSet.swift */ = {isa = PBXFileReference; lastKnownFileType = sourcecode.swift; path = ColorSet.swift; sourceTree = "<group>"; };
		BA578D5F278F1A2D000617F6 /* NotesViewDelegate.swift */ = {isa = PBXFileReference; lastKnownFileType = sourcecode.swift; path = NotesViewDelegate.swift; sourceTree = "<group>"; };
		BAB1E01D269DBBF8001FC3CC /* NotesApp.app */ = {isa = PBXFileReference; explicitFileType = wrapper.application; includeInIndex = 0; path = NotesApp.app; sourceTree = BUILT_PRODUCTS_DIR; };
		BAB1E020269DBBF8001FC3CC /* AppDelegate.swift */ = {isa = PBXFileReference; lastKnownFileType = sourcecode.swift; path = AppDelegate.swift; sourceTree = "<group>"; };
		BAB1E022269DBBF8001FC3CC /* SceneDelegate.swift */ = {isa = PBXFileReference; lastKnownFileType = sourcecode.swift; path = SceneDelegate.swift; sourceTree = "<group>"; };
		BAB1E02A269DBBF8001FC3CC /* NotesApp.xcdatamodel */ = {isa = PBXFileReference; lastKnownFileType = wrapper.xcdatamodel; path = NotesApp.xcdatamodel; sourceTree = "<group>"; };
		BAB1E02C269DBBFA001FC3CC /* Assets.xcassets */ = {isa = PBXFileReference; lastKnownFileType = folder.assetcatalog; path = Assets.xcassets; sourceTree = "<group>"; };
		BAB1E02F269DBBFA001FC3CC /* Base */ = {isa = PBXFileReference; lastKnownFileType = file.storyboard; name = Base; path = Base.lproj/LaunchScreen.storyboard; sourceTree = "<group>"; };
		BAB1E031269DBBFA001FC3CC /* Info.plist */ = {isa = PBXFileReference; lastKnownFileType = text.plist.xml; path = Info.plist; sourceTree = "<group>"; };
		BAC82D5826A9DD2300E52701 /* NoteExtension.swift */ = {isa = PBXFileReference; lastKnownFileType = sourcecode.swift; path = NoteExtension.swift; sourceTree = "<group>"; };
		C87AA535279082FA00E2AEF1 /* ThemesViewController.swift */ = {isa = PBXFileReference; lastKnownFileType = sourcecode.swift; path = ThemesViewController.swift; sourceTree = "<group>"; };
		C87AA5392791A57D00E2AEF1 /* ThemesView.swift */ = {isa = PBXFileReference; lastKnownFileType = sourcecode.swift; path = ThemesView.swift; sourceTree = "<group>"; };
		C87AA53B2797101500E2AEF1 /* ThemableViewController.swift */ = {isa = PBXFileReference; lastKnownFileType = sourcecode.swift; path = ThemableViewController.swift; sourceTree = "<group>"; };
		C87AA53E2797207D00E2AEF1 /* ThemableView.swift */ = {isa = PBXFileReference; lastKnownFileType = sourcecode.swift; path = ThemableView.swift; sourceTree = "<group>"; };
		C87AA54027972D5F00E2AEF1 /* NoteCellContentView.swift */ = {isa = PBXFileReference; lastKnownFileType = sourcecode.swift; path = NoteCellContentView.swift; sourceTree = "<group>"; };
		C88C7A6927999E760090613F /* NoteSmallCellContentView.swift */ = {isa = PBXFileReference; lastKnownFileType = sourcecode.swift; path = NoteSmallCellContentView.swift; sourceTree = "<group>"; };
		C88C7A6D279AE89E0090613F /* NavigationController.swift */ = {isa = PBXFileReference; lastKnownFileType = sourcecode.swift; path = NavigationController.swift; sourceTree = "<group>"; };
		E935C95627906F9100835897 /* SettingsView.swift */ = {isa = PBXFileReference; lastKnownFileType = sourcecode.swift; path = SettingsView.swift; sourceTree = "<group>"; };
		E935C95B27906FFC00835897 /* SettingsViewController.swift */ = {isa = PBXFileReference; lastKnownFileType = sourcecode.swift; path = SettingsViewController.swift; sourceTree = "<group>"; };
		E935C95D2790787D00835897 /* SettingTableDataSource.swift */ = {isa = PBXFileReference; lastKnownFileType = sourcecode.swift; path = SettingTableDataSource.swift; sourceTree = "<group>"; };
		E9E5DE662791BFF80047C805 /* ThemeCollectionViewCell.swift */ = {isa = PBXFileReference; lastKnownFileType = sourcecode.swift; path = ThemeCollectionViewCell.swift; sourceTree = "<group>"; };
		E9E5DE682791C1A30047C805 /* ThemesCollectionDataSouce.swift */ = {isa = PBXFileReference; lastKnownFileType = sourcecode.swift; path = ThemesCollectionDataSouce.swift; sourceTree = "<group>"; };
/* End PBXFileReference section */

/* Begin PBXFrameworksBuildPhase section */
		5BFD81D9278DB2FA004833F5 /* Frameworks */ = {
			isa = PBXFrameworksBuildPhase;
			buildActionMask = 2147483647;
			files = (
				5B35900D2796ED3600ECF0C1 /* SnapshotTesting in Frameworks */,
			);
			runOnlyForDeploymentPostprocessing = 0;
		};
		BAB1E01A269DBBF8001FC3CC /* Frameworks */ = {
			isa = PBXFrameworksBuildPhase;
			buildActionMask = 2147483647;
			files = (
			);
			runOnlyForDeploymentPostprocessing = 0;
		};
/* End PBXFrameworksBuildPhase section */

/* Begin PBXGroup section */
		5B00565D27959414002BBFD0 /* Services */ = {
			isa = PBXGroup;
			children = (
				5B3FF1AE27999C5200828097 /* Coordinators */,
				5B00565E27959427002BBFD0 /* NotificationService.swift */,
				5B3FF18D2799940A00828097 /* LocalStorageService.swift */,
				BA2D1BEC2795AEA100849955 /* Settings.swift */,
			);
			path = Services;
			sourceTree = "<group>";
		};
		5B35900E2796F5EA00ECF0C1 /* Views */ = {
			isa = PBXGroup;
			children = (
				5B35900F2796F5FA00ECF0C1 /* NoteViewTest.swift */,
				9DE31E8427984AD8005B21BC /* AllNoteViewTest.swift */,
			);
			path = Views;
			sourceTree = "<group>";
		};
		5B3FF1892799938E00828097 /* ViewControllers */ = {
			isa = PBXGroup;
			children = (
				5B00566027959741002BBFD0 /* NoteViewControllerTest.swift */,
				9D388412279AF9C0006FA73B /* AllNotesViewControllerTest.swift */,
				9D388414279AFDD4006FA73B /* SettingsViewControllerTest.swift */,
			);
			path = ViewControllers;
			sourceTree = "<group>";
		};
		5B3FF18A2799939400828097 /* Repositories */ = {
			isa = PBXGroup;
			children = (
				5B45761F279059C400EF1036 /* NotesRepositoryTest.swift */,
			);
			path = Repositories;
			sourceTree = "<group>";
		};
		5B3FF18B279993C700828097 /* Protocols */ = {
			isa = PBXGroup;
			children = (
				5B45763127919FCF00EF1036 /* NotesRepositoryProtocol.swift */,
				9DE31E7827972F6F005B21BC /* TagRepositoryProtocol.swift */,
				9DE31E7027970A3F005B21BC /* TagProtocol.swift */,
				5B4576332791A0B000EF1036 /* NoteProtocol.swift */,
			);
			path = Protocols;
			sourceTree = "<group>";
		};
		5B3FF18C279993DC00828097 /* Implementations */ = {
			isa = PBXGroup;
			children = (
				5B45761B2790593100EF1036 /* NotesRepository.swift */,
				9DE31E7A27972FA6005B21BC /* TagRepository.swift */,
			);
			path = Implementations;
			sourceTree = "<group>";
		};
		5B3FF18F2799945F00828097 /* Models */ = {
			isa = PBXGroup;
			children = (
				5B45762A279073EE00EF1036 /* NoteCellViewModel.swift */,
				9DE31E7227970AF4005B21BC /* TagCellViewModel.swift */,
			);
			path = Models;
			sourceTree = "<group>";
		};
		5B3FF1902799948A00828097 /* Cells */ = {
			isa = PBXGroup;
			children = (
				9DAC68F8278F3234005554B6 /* NoteCollectionViewCell.swift */,
				C87AA54027972D5F00E2AEF1 /* NoteCellContentView.swift */,
			);
			path = Cells;
			sourceTree = "<group>";
		};
		5B3FF191279994F600828097 /* Extensions */ = {
			isa = PBXGroup;
			children = (
				5B3FF1922799953200828097 /* AllNotesViewController+NoteSmallCellCollectionViewCellDelegate.swift */,
				5B3FF1942799956500828097 /* AllNotesViewController+UISearchResultsUpdating.swift */,
				5B3FF1962799958E00828097 /* AllNotesViewController+DataSourceHelpers.swift */,
				5B3FF1982799968C00828097 /* AllNotesViewController+TagRepositoryDelegate.swift */,
				5B3FF19B279996C600828097 /* AllNotesViewController+NoteRepositoryProtocolDelegate.swift */,
				5B3FF19D279996E900828097 /* AllNotesViewController+AllNotesViewDelegate.swift */,
			);
			path = Extensions;
			sourceTree = "<group>";
		};
		5B3FF19F2799973600828097 /* Extensions */ = {
			isa = PBXGroup;
			children = (
				5B3FF1A02799980800828097 /* NoteViewController+NoteViewDelegate.swift */,
				5B3FF1A22799982F00828097 /* NoteViewController+NoteRepositoryProtocolDelegate.swift */,
				5B3FF1A42799985A00828097 /* NoteViewController+DataSourceHelpers.swift */,
			);
			path = Extensions;
			sourceTree = "<group>";
		};
		5B3FF1A82799990F00828097 /* Extensions */ = {
			isa = PBXGroup;
			children = (
				5B3FF1A92799992900828097 /* SettingsViewController+UITableViewDelegate.swift */,
			);
			path = Extensions;
			sourceTree = "<group>";
		};
		5B3FF1AB2799994200828097 /* Extensions */ = {
			isa = PBXGroup;
			children = (
				5B3FF1AC2799996F00828097 /* ThemesViewController+UICollectionViewDelegate.swift */,
			);
			path = Extensions;
			sourceTree = "<group>";
		};
		5B3FF1AE27999C5200828097 /* Coordinators */ = {
			isa = PBXGroup;
			children = (
				5B3FF1AF27999C6100828097 /* CoordinatorProtocol.swift */,
				5B3FF1B12799AEC000828097 /* MainCoordinator.swift */,
				5B3FF1B32799AECB00828097 /* AllNotesCoordinator.swift */,
			);
			path = Coordinators;
			sourceTree = "<group>";
		};
		5B4576182790593100EF1036 /* Storage */ = {
			isa = PBXGroup;
			children = (
				5B3FF18C279993DC00828097 /* Implementations */,
				5B3FF18B279993C700828097 /* Protocols */,
				5B4576192790593100EF1036 /* CoreDataStack.swift */,
				BAB1E029269DBBF8001FC3CC /* NotesModel.xcdatamodeld */,
			);
			name = Storage;
			path = NotesApp/Storage;
			sourceTree = SOURCE_ROOT;
		};
		5B45762E279078FB00EF1036 /* Dummies */ = {
			isa = PBXGroup;
			children = (
				9DE31E7D279736B6005B21BC /* TagDummy.swift */,
				9DE31E82279849F0005B21BC /* TagRepositoryDummy.swift */,
				5B45762F2790791400EF1036 /* FetchResultsControllerDelegateDummy.swift */,
				5BB7FDFB2795C5B100A6F335 /* NoteDummy.swift */,
				5BB7FDFD2795C5D000A6F335 /* NotificationServiceDummy.swift */,
				5BB7FDFF2795C61B00A6F335 /* NoteRepositoryDummy.swift */,
				5BB7FE032795FF4E00A6F335 /* NoteRepositoryDelegateDummy.swift */,
				5B3FF1B52799AF8600828097 /* MainCoordinatorDummy.swift */,
				5B3FF1B72799AF9100828097 /* AllNotesCoordinatorDummy.swift */,
				5B3FF1B92799B09800828097 /* LocalStorageServiceDummy.swift */,
			);
			path = Dummies;
			sourceTree = "<group>";
		};
		5B73C9EF278F2AAC005F2D89 /* AllNotesScreen */ = {
			isa = PBXGroup;
			children = (
				5B73C9FC278F8100005F2D89 /* ViewControllers */,
				5B73C9F4278F7538005F2D89 /* Delegates */,
				5B73C9F1278F2AE8005F2D89 /* Views */,
			);
			path = AllNotesScreen;
			sourceTree = "<group>";
		};
		5B73C9F0278F2AB5005F2D89 /* Cells */ = {
			isa = PBXGroup;
			children = (
				5B73C9F2278F2B14005F2D89 /* NoteSmallCellCollectionViewCell.swift */,
				5B4576212790651B00EF1036 /* TagCollectionViewCell.swift */,
				C88C7A6927999E760090613F /* NoteSmallCellContentView.swift */,
			);
			path = Cells;
			sourceTree = "<group>";
		};
		5B73C9F1278F2AE8005F2D89 /* Views */ = {
			isa = PBXGroup;
			children = (
				5B73C9F0278F2AB5005F2D89 /* Cells */,
				5B73C9FA278F80FA005F2D89 /* AllNotesView.swift */,
				9D31F35D2791C02D000F6B4A /* NoteHeader.swift */,
				9D31F35F2791C13A000F6B4A /* TagHeader.swift */,
			);
			path = Views;
			sourceTree = "<group>";
		};
		5B73C9F4278F7538005F2D89 /* Delegates */ = {
			isa = PBXGroup;
			children = (
				5B73C9F6278F755C005F2D89 /* NoteSmallCellCollectionViewCellDelegate.swift */,
				9DE31E74279714DE005B21BC /* AllNotesViewDelegate.swift */,
			);
			path = Delegates;
			sourceTree = "<group>";
		};
		5B73C9FC278F8100005F2D89 /* ViewControllers */ = {
			isa = PBXGroup;
			children = (
				5B73C9FD278F8114005F2D89 /* AllNotesViewController.swift */,
				5B3FF191279994F600828097 /* Extensions */,
			);
			path = ViewControllers;
			sourceTree = "<group>";
		};
		5BB7FDFA2795C15900A6F335 /* Recovered References */ = {
			isa = PBXGroup;
			children = (
			);
			name = "Recovered References";
			sourceTree = "<group>";
		};
		5BFD81DD278DB2FA004833F5 /* NotesAppTests */ = {
			isa = PBXGroup;
			children = (
				5B3FF18A2799939400828097 /* Repositories */,
				5B3FF1892799938E00828097 /* ViewControllers */,
				5B35900E2796F5EA00ECF0C1 /* Views */,
				5B45762E279078FB00EF1036 /* Dummies */,
				5B3FF1BB2799B21E00828097 /* MainCoordinatorTests.swift */,
			);
			path = NotesAppTests;
			sourceTree = "<group>";
		};
		BA2D1BE92795A58A00849955 /* Model */ = {
			isa = PBXGroup;
			children = (
				BA2D1BEA2795A5EF00849955 /* ThemeCollectionData.swift */,
			);
			path = Model;
			sourceTree = "<group>";
		};
		BA578D52278EFBEB000617F6 /* NoteScreen */ = {
			isa = PBXGroup;
			children = (
				BA578D5E278F1A07000617F6 /* Delegates */,
				BA578D55278EFC36000617F6 /* Views */,
				BA578D54278EFC22000617F6 /* Controllers */,
			);
			path = NoteScreen;
			sourceTree = "<group>";
		};
		BA578D54278EFC22000617F6 /* Controllers */ = {
			isa = PBXGroup;
			children = (
				5B3FF19F2799973600828097 /* Extensions */,
				BA578D56278EFC6A000617F6 /* NoteViewController.swift */,
			);
			path = Controllers;
			sourceTree = "<group>";
		};
		BA578D55278EFC36000617F6 /* Views */ = {
			isa = PBXGroup;
			children = (
				5B3FF1902799948A00828097 /* Cells */,
				BA578D58278EFCEB000617F6 /* NoteView.swift */,
			);
			path = Views;
			sourceTree = "<group>";
		};
		BA578D5E278F1A07000617F6 /* Delegates */ = {
			isa = PBXGroup;
			children = (
				BA578D5F278F1A2D000617F6 /* NotesViewDelegate.swift */,
			);
			path = Delegates;
			sourceTree = "<group>";
		};
		BAB1E014269DBBF8001FC3CC = {
			isa = PBXGroup;
			children = (
				BAB1E01F269DBBF8001FC3CC /* NotesApp */,
				5BFD81DD278DB2FA004833F5 /* NotesAppTests */,
				BAB1E01E269DBBF8001FC3CC /* Products */,
				5BB7FDFA2795C15900A6F335 /* Recovered References */,
			);
			sourceTree = "<group>";
		};
		BAB1E01E269DBBF8001FC3CC /* Products */ = {
			isa = PBXGroup;
			children = (
				BAB1E01D269DBBF8001FC3CC /* NotesApp.app */,
				5BFD81DC278DB2FA004833F5 /* NotesAppTests.xctest */,
			);
			name = Products;
			sourceTree = "<group>";
		};
		BAB1E01F269DBBF8001FC3CC /* NotesApp */ = {
			isa = PBXGroup;
			children = (
				BAC82D5726A9DD1100E52701 /* Extensions */,
				5B3FF18F2799945F00828097 /* Models */,
				5B4576182790593100EF1036 /* Storage */,
				C87AA53D2797205700E2AEF1 /* Themable */,
				5B00565D27959414002BBFD0 /* Services */,
				C87AA534279082D400E2AEF1 /* ThemesScreen */,
				E935C95427906F5B00835897 /* SettingsScreen */,
				5B73C9EF278F2AAC005F2D89 /* AllNotesScreen */,
				BA578D52278EFBEB000617F6 /* NoteScreen */,
				BAB1E020269DBBF8001FC3CC /* AppDelegate.swift */,
				BAB1E022269DBBF8001FC3CC /* SceneDelegate.swift */,
				BAB1E02C269DBBFA001FC3CC /* Assets.xcassets */,
				BAB1E02E269DBBFA001FC3CC /* LaunchScreen.storyboard */,
				BAB1E031269DBBFA001FC3CC /* Info.plist */,
				C88C7A6D279AE89E0090613F /* NavigationController.swift */,
			);
			path = NotesApp;
			sourceTree = "<group>";
		};
		BAC82D5726A9DD1100E52701 /* Extensions */ = {
			isa = PBXGroup;
			children = (
				BAC82D5826A9DD2300E52701 /* NoteExtension.swift */,
				9D40CF3E2795BEC400818D9B /* UIAlertControllerUtilities.swift */,
				5BB7FE012795EDB800A6F335 /* NotificationName.swift */,
				5B3FF1A6279998C700828097 /* UIViewController+UIAlertHelpers.swift */,
				5BB5B9F6279886C200F9CCF6 /* UIActivityViewController+NoteCellViewModel.swift */,
			);
			path = Extensions;
			sourceTree = "<group>";
		};
		C87AA534279082D400E2AEF1 /* ThemesScreen */ = {
			isa = PBXGroup;
			children = (
				BA2D1BE92795A58A00849955 /* Model */,
				C87AA5382791A55900E2AEF1 /* Views */,
				C87AA5372791A55000E2AEF1 /* Controllers */,
			);
			path = ThemesScreen;
			sourceTree = "<group>";
		};
		C87AA5372791A55000E2AEF1 /* Controllers */ = {
			isa = PBXGroup;
			children = (
				5B3FF1AB2799994200828097 /* Extensions */,
				C87AA535279082FA00E2AEF1 /* ThemesViewController.swift */,
				E9E5DE682791C1A30047C805 /* ThemesCollectionDataSouce.swift */,
			);
			path = Controllers;
			sourceTree = "<group>";
		};
		C87AA5382791A55900E2AEF1 /* Views */ = {
			isa = PBXGroup;
			children = (
				C87AA5392791A57D00E2AEF1 /* ThemesView.swift */,
				E9E5DE662791BFF80047C805 /* ThemeCollectionViewCell.swift */,
			);
			path = Views;
			sourceTree = "<group>";
		};
		C87AA53D2797205700E2AEF1 /* Themable */ = {
			isa = PBXGroup;
			children = (
				C87AA53B2797101500E2AEF1 /* ThemableViewController.swift */,
				C87AA53E2797207D00E2AEF1 /* ThemableView.swift */,
				BA578D5A278F025F000617F6 /* ColorSet.swift */,
			);
			path = Themable;
			sourceTree = "<group>";
		};
		E935C95427906F5B00835897 /* SettingsScreen */ = {
			isa = PBXGroup;
			children = (
				E935C95827906FA100835897 /* Controllers */,
				E935C95527906F7300835897 /* Views */,
			);
			path = SettingsScreen;
			sourceTree = "<group>";
		};
		E935C95527906F7300835897 /* Views */ = {
			isa = PBXGroup;
			children = (
				E935C95627906F9100835897 /* SettingsView.swift */,
				BA2D1BEE2795BB1200849955 /* SettingsTableCell.swift */,
			);
			path = Views;
			sourceTree = "<group>";
		};
		E935C95827906FA100835897 /* Controllers */ = {
			isa = PBXGroup;
			children = (
				5B3FF1A82799990F00828097 /* Extensions */,
				E935C95B27906FFC00835897 /* SettingsViewController.swift */,
				E935C95D2790787D00835897 /* SettingTableDataSource.swift */,
			);
			path = Controllers;
			sourceTree = "<group>";
		};
/* End PBXGroup section */

/* Begin PBXNativeTarget section */
		5BFD81DB278DB2FA004833F5 /* NotesAppTests */ = {
			isa = PBXNativeTarget;
			buildConfigurationList = 5BFD81E4278DB2FA004833F5 /* Build configuration list for PBXNativeTarget "NotesAppTests" */;
			buildPhases = (
				5BFD81D8278DB2FA004833F5 /* Sources */,
				5BFD81D9278DB2FA004833F5 /* Frameworks */,
				5BFD81DA278DB2FA004833F5 /* Resources */,
			);
			buildRules = (
			);
			dependencies = (
				5BFD81E1278DB2FA004833F5 /* PBXTargetDependency */,
			);
			name = NotesAppTests;
			packageProductDependencies = (
				5B35900C2796ED3600ECF0C1 /* SnapshotTesting */,
			);
			productName = NotesAppTests;
			productReference = 5BFD81DC278DB2FA004833F5 /* NotesAppTests.xctest */;
			productType = "com.apple.product-type.bundle.unit-test";
		};
		BAB1E01C269DBBF8001FC3CC /* NotesApp */ = {
			isa = PBXNativeTarget;
			buildConfigurationList = BAB1E034269DBBFA001FC3CC /* Build configuration list for PBXNativeTarget "NotesApp" */;
			buildPhases = (
				BAB1E019269DBBF8001FC3CC /* Sources */,
				BAB1E01A269DBBF8001FC3CC /* Frameworks */,
				BAB1E01B269DBBF8001FC3CC /* Resources */,
			);
			buildRules = (
			);
			dependencies = (
			);
			name = NotesApp;
			productName = NotesApp;
			productReference = BAB1E01D269DBBF8001FC3CC /* NotesApp.app */;
			productType = "com.apple.product-type.application";
		};
/* End PBXNativeTarget section */

/* Begin PBXProject section */
		BAB1E015269DBBF8001FC3CC /* Project object */ = {
			isa = PBXProject;
			attributes = {
				LastSwiftUpdateCheck = 1320;
				LastUpgradeCheck = 1250;
				TargetAttributes = {
					5BFD81DB278DB2FA004833F5 = {
						CreatedOnToolsVersion = 13.2.1;
						TestTargetID = BAB1E01C269DBBF8001FC3CC;
					};
					BAB1E01C269DBBF8001FC3CC = {
						CreatedOnToolsVersion = 12.5.1;
					};
				};
			};
			buildConfigurationList = BAB1E018269DBBF8001FC3CC /* Build configuration list for PBXProject "NotesApp" */;
			compatibilityVersion = "Xcode 9.3";
			developmentRegion = en;
			hasScannedForEncodings = 0;
			knownRegions = (
				en,
				Base,
			);
			mainGroup = BAB1E014269DBBF8001FC3CC;
			packageReferences = (
				5B35900B2796ED3600ECF0C1 /* XCRemoteSwiftPackageReference "swift-snapshot-testing" */,
			);
			productRefGroup = BAB1E01E269DBBF8001FC3CC /* Products */;
			projectDirPath = "";
			projectRoot = "";
			targets = (
				BAB1E01C269DBBF8001FC3CC /* NotesApp */,
				5BFD81DB278DB2FA004833F5 /* NotesAppTests */,
			);
		};
/* End PBXProject section */

/* Begin PBXResourcesBuildPhase section */
		5BFD81DA278DB2FA004833F5 /* Resources */ = {
			isa = PBXResourcesBuildPhase;
			buildActionMask = 2147483647;
			files = (
			);
			runOnlyForDeploymentPostprocessing = 0;
		};
		BAB1E01B269DBBF8001FC3CC /* Resources */ = {
			isa = PBXResourcesBuildPhase;
			buildActionMask = 2147483647;
			files = (
				BAB1E030269DBBFA001FC3CC /* LaunchScreen.storyboard in Resources */,
				BAB1E02D269DBBFA001FC3CC /* Assets.xcassets in Resources */,
			);
			runOnlyForDeploymentPostprocessing = 0;
		};
/* End PBXResourcesBuildPhase section */

/* Begin PBXSourcesBuildPhase section */
		5BFD81D8278DB2FA004833F5 /* Sources */ = {
			isa = PBXSourcesBuildPhase;
			buildActionMask = 2147483647;
			files = (
				5BB7FE002795C61B00A6F335 /* NoteRepositoryDummy.swift in Sources */,
				9DE31E83279849F0005B21BC /* TagRepositoryDummy.swift in Sources */,
				5B00566127959741002BBFD0 /* NoteViewControllerTest.swift in Sources */,
				9DE31E81279849BF005B21BC /* TagDummy.swift in Sources */,
				5BB7FE042795FF4E00A6F335 /* NoteRepositoryDelegateDummy.swift in Sources */,
				9DE31E8527984AD8005B21BC /* AllNoteViewTest.swift in Sources */,
				5B3FF1B62799AF8600828097 /* MainCoordinatorDummy.swift in Sources */,
				5B457620279059C400EF1036 /* NotesRepositoryTest.swift in Sources */,
				9D388413279AF9C0006FA73B /* AllNotesViewControllerTest.swift in Sources */,
				9D388415279AFDD4006FA73B /* SettingsViewControllerTest.swift in Sources */,
				5BB7FDFE2795C5D000A6F335 /* NotificationServiceDummy.swift in Sources */,
				5BB7FDFC2795C5B100A6F335 /* NoteDummy.swift in Sources */,
				5B3FF1BA2799B09800828097 /* LocalStorageServiceDummy.swift in Sources */,
				5B4576302790791400EF1036 /* FetchResultsControllerDelegateDummy.swift in Sources */,
				5B3FF1B82799AF9100828097 /* AllNotesCoordinatorDummy.swift in Sources */,
				5B3590102796F5FA00ECF0C1 /* NoteViewTest.swift in Sources */,
				5B3FF1BC2799B21E00828097 /* MainCoordinatorTests.swift in Sources */,
			);
			runOnlyForDeploymentPostprocessing = 0;
		};
		BAB1E019269DBBF8001FC3CC /* Sources */ = {
			isa = PBXSourcesBuildPhase;
			buildActionMask = 2147483647;
			files = (
				5B35900A2796EC1600ECF0C1 /* NotesViewDelegate.swift in Sources */,
				5B3FF18E2799940A00828097 /* LocalStorageService.swift in Sources */,
				5BB7FE052796EB8600A6F335 /* AppDelegate.swift in Sources */,
				5B3FF1A7279998C700828097 /* UIViewController+UIAlertHelpers.swift in Sources */,
				9DE31E7127970A3F005B21BC /* TagProtocol.swift in Sources */,
				5B73C9F7278F755C005F2D89 /* NoteSmallCellCollectionViewCellDelegate.swift in Sources */,
				9DE31E7B27972FA6005B21BC /* TagRepository.swift in Sources */,
				5B3FF1B42799AECB00828097 /* AllNotesCoordinator.swift in Sources */,
				C88C7A6E279AE89E0090613F /* NavigationController.swift in Sources */,
				5BB7FE022795EDB800A6F335 /* NotificationName.swift in Sources */,
				5B3FF1AA2799992900828097 /* SettingsViewController+UITableViewDelegate.swift in Sources */,
				5B3FF1A12799980800828097 /* NoteViewController+NoteViewDelegate.swift in Sources */,
				5B3FF1972799958E00828097 /* AllNotesViewController+DataSourceHelpers.swift in Sources */,
				9DE31E75279714DE005B21BC /* AllNotesViewDelegate.swift in Sources */,
				C87AA536279082FA00E2AEF1 /* ThemesViewController.swift in Sources */,
				BAC82D5926A9DD2300E52701 /* NoteExtension.swift in Sources */,
				BA2D1BEB2795A5EF00849955 /* ThemeCollectionData.swift in Sources */,
				C87AA53F2797207D00E2AEF1 /* ThemableView.swift in Sources */,
				E9E5DE672791BFF80047C805 /* ThemeCollectionViewCell.swift in Sources */,
				5B4576342791A0B000EF1036 /* NoteProtocol.swift in Sources */,
				5B73C9F3278F2B14005F2D89 /* NoteSmallCellCollectionViewCell.swift in Sources */,
				E935C95E2790787D00835897 /* SettingTableDataSource.swift in Sources */,
				C87AA53C2797101500E2AEF1 /* ThemableViewController.swift in Sources */,
				C87AA53A2791A57D00E2AEF1 /* ThemesView.swift in Sources */,
				BAB1E023269DBBF8001FC3CC /* SceneDelegate.swift in Sources */,
				5B3FF1A32799982F00828097 /* NoteViewController+NoteRepositoryProtocolDelegate.swift in Sources */,
				C87AA54127972D5F00E2AEF1 /* NoteCellContentView.swift in Sources */,
				E9E5DE692791C1A30047C805 /* ThemesCollectionDataSouce.swift in Sources */,
				9D31F3602791C13A000F6B4A /* TagHeader.swift in Sources */,
				BA578D57278EFC6A000617F6 /* NoteViewController.swift in Sources */,
				5B3FF1952799956500828097 /* AllNotesViewController+UISearchResultsUpdating.swift in Sources */,
				5B73C9FE278F8114005F2D89 /* AllNotesViewController.swift in Sources */,
				5B3FF1AD2799996F00828097 /* ThemesViewController+UICollectionViewDelegate.swift in Sources */,
				5B45762B279073EE00EF1036 /* NoteCellViewModel.swift in Sources */,
				5B3FF1B027999C6100828097 /* CoordinatorProtocol.swift in Sources */,
				5B73C9FB278F80FA005F2D89 /* AllNotesView.swift in Sources */,
				5B45761C2790593100EF1036 /* CoreDataStack.swift in Sources */,
				E935C95C27906FFC00835897 /* SettingsViewController.swift in Sources */,
				BA578D59278EFCEB000617F6 /* NoteView.swift in Sources */,
				9D40CF3F2795BEC400818D9B /* UIAlertControllerUtilities.swift in Sources */,
				5B3FF1992799968C00828097 /* AllNotesViewController+TagRepositoryDelegate.swift in Sources */,
				9DAC68F9278F3234005554B6 /* NoteCollectionViewCell.swift in Sources */,
				5B3FF19E279996E900828097 /* AllNotesViewController+AllNotesViewDelegate.swift in Sources */,
				5B3FF1B22799AEC000828097 /* MainCoordinator.swift in Sources */,
				9DE31E7927972F6F005B21BC /* TagRepositoryProtocol.swift in Sources */,
				BA2D1BED2795AEA100849955 /* Settings.swift in Sources */,
				5B3FF1A52799985A00828097 /* NoteViewController+DataSourceHelpers.swift in Sources */,
				BA2D1BEF2795BB1200849955 /* SettingsTableCell.swift in Sources */,
				5B3FF1932799953200828097 /* AllNotesViewController+NoteSmallCellCollectionViewCellDelegate.swift in Sources */,
				5B3FF19C279996C600828097 /* AllNotesViewController+NoteRepositoryProtocolDelegate.swift in Sources */,
				BA578D5B278F025F000617F6 /* ColorSet.swift in Sources */,
				5BB5B9F7279886C200F9CCF6 /* UIActivityViewController+NoteCellViewModel.swift in Sources */,
				5B4576222790651B00EF1036 /* TagCollectionViewCell.swift in Sources */,
				5B00565F27959427002BBFD0 /* NotificationService.swift in Sources */,
				BAB1E02B269DBBF8001FC3CC /* NotesModel.xcdatamodeld in Sources */,
				9D31F35E2791C02D000F6B4A /* NoteHeader.swift in Sources */,
				9DE31E7327970AF4005B21BC /* TagCellViewModel.swift in Sources */,
				5B45761E2790593100EF1036 /* NotesRepository.swift in Sources */,
				5B45763227919FCF00EF1036 /* NotesRepositoryProtocol.swift in Sources */,
				C88C7A6A27999E760090613F /* NoteSmallCellContentView.swift in Sources */,
				E935C95727906F9100835897 /* SettingsView.swift in Sources */,
			);
			runOnlyForDeploymentPostprocessing = 0;
		};
/* End PBXSourcesBuildPhase section */

/* Begin PBXTargetDependency section */
		5BFD81E1278DB2FA004833F5 /* PBXTargetDependency */ = {
			isa = PBXTargetDependency;
			target = BAB1E01C269DBBF8001FC3CC /* NotesApp */;
			targetProxy = 5BFD81E0278DB2FA004833F5 /* PBXContainerItemProxy */;
		};
/* End PBXTargetDependency section */

/* Begin PBXVariantGroup section */
		BAB1E02E269DBBFA001FC3CC /* LaunchScreen.storyboard */ = {
			isa = PBXVariantGroup;
			children = (
				BAB1E02F269DBBFA001FC3CC /* Base */,
			);
			name = LaunchScreen.storyboard;
			sourceTree = "<group>";
		};
/* End PBXVariantGroup section */

/* Begin XCBuildConfiguration section */
		5BFD81E2278DB2FA004833F5 /* Debug */ = {
			isa = XCBuildConfiguration;
			buildSettings = {
				BUNDLE_LOADER = "$(TEST_HOST)";
				CLANG_CXX_LANGUAGE_STANDARD = "gnu++17";
				CODE_SIGN_STYLE = Automatic;
				CURRENT_PROJECT_VERSION = 1;
				DEVELOPMENT_TEAM = 87UTUM347S;
				GENERATE_INFOPLIST_FILE = YES;
				IPHONEOS_DEPLOYMENT_TARGET = 14.5;
				MARKETING_VERSION = 1.0;
				PRODUCT_BUNDLE_IDENTIFIER = com.gbrlcm.NotesAppTests;
				PRODUCT_NAME = "$(TARGET_NAME)";
				SWIFT_EMIT_LOC_STRINGS = NO;
				SWIFT_VERSION = 5.0;
				TARGETED_DEVICE_FAMILY = "1,2";
				TEST_HOST = "$(BUILT_PRODUCTS_DIR)/NotesApp.app/NotesApp";
			};
			name = Debug;
		};
		5BFD81E3278DB2FA004833F5 /* Release */ = {
			isa = XCBuildConfiguration;
			buildSettings = {
				BUNDLE_LOADER = "$(TEST_HOST)";
				CLANG_CXX_LANGUAGE_STANDARD = "gnu++17";
				CODE_SIGN_STYLE = Automatic;
				CURRENT_PROJECT_VERSION = 1;
				DEVELOPMENT_TEAM = 87UTUM347S;
				GENERATE_INFOPLIST_FILE = YES;
				IPHONEOS_DEPLOYMENT_TARGET = 14.5;
				MARKETING_VERSION = 1.0;
				PRODUCT_BUNDLE_IDENTIFIER = com.gbrlcm.NotesAppTests;
				PRODUCT_NAME = "$(TARGET_NAME)";
				SWIFT_EMIT_LOC_STRINGS = NO;
				SWIFT_VERSION = 5.0;
				TARGETED_DEVICE_FAMILY = "1,2";
				TEST_HOST = "$(BUILT_PRODUCTS_DIR)/NotesApp.app/NotesApp";
			};
			name = Release;
		};
		BAB1E032269DBBFA001FC3CC /* Debug */ = {
			isa = XCBuildConfiguration;
			buildSettings = {
				ALWAYS_SEARCH_USER_PATHS = NO;
				CLANG_ANALYZER_NONNULL = YES;
				CLANG_ANALYZER_NUMBER_OBJECT_CONVERSION = YES_AGGRESSIVE;
				CLANG_CXX_LANGUAGE_STANDARD = "gnu++14";
				CLANG_CXX_LIBRARY = "libc++";
				CLANG_ENABLE_MODULES = YES;
				CLANG_ENABLE_OBJC_ARC = YES;
				CLANG_ENABLE_OBJC_WEAK = YES;
				CLANG_WARN_BLOCK_CAPTURE_AUTORELEASING = YES;
				CLANG_WARN_BOOL_CONVERSION = YES;
				CLANG_WARN_COMMA = YES;
				CLANG_WARN_CONSTANT_CONVERSION = YES;
				CLANG_WARN_DEPRECATED_OBJC_IMPLEMENTATIONS = YES;
				CLANG_WARN_DIRECT_OBJC_ISA_USAGE = YES_ERROR;
				CLANG_WARN_DOCUMENTATION_COMMENTS = YES;
				CLANG_WARN_EMPTY_BODY = YES;
				CLANG_WARN_ENUM_CONVERSION = YES;
				CLANG_WARN_INFINITE_RECURSION = YES;
				CLANG_WARN_INT_CONVERSION = YES;
				CLANG_WARN_NON_LITERAL_NULL_CONVERSION = YES;
				CLANG_WARN_OBJC_IMPLICIT_RETAIN_SELF = YES;
				CLANG_WARN_OBJC_LITERAL_CONVERSION = YES;
				CLANG_WARN_OBJC_ROOT_CLASS = YES_ERROR;
				CLANG_WARN_QUOTED_INCLUDE_IN_FRAMEWORK_HEADER = YES;
				CLANG_WARN_RANGE_LOOP_ANALYSIS = YES;
				CLANG_WARN_STRICT_PROTOTYPES = YES;
				CLANG_WARN_SUSPICIOUS_MOVE = YES;
				CLANG_WARN_UNGUARDED_AVAILABILITY = YES_AGGRESSIVE;
				CLANG_WARN_UNREACHABLE_CODE = YES;
				CLANG_WARN__DUPLICATE_METHOD_MATCH = YES;
				COPY_PHASE_STRIP = NO;
				DEBUG_INFORMATION_FORMAT = dwarf;
				ENABLE_STRICT_OBJC_MSGSEND = YES;
				ENABLE_TESTABILITY = YES;
				GCC_C_LANGUAGE_STANDARD = gnu11;
				GCC_DYNAMIC_NO_PIC = NO;
				GCC_NO_COMMON_BLOCKS = YES;
				GCC_OPTIMIZATION_LEVEL = 0;
				GCC_PREPROCESSOR_DEFINITIONS = (
					"DEBUG=1",
					"$(inherited)",
				);
				GCC_WARN_64_TO_32_BIT_CONVERSION = YES;
				GCC_WARN_ABOUT_RETURN_TYPE = YES_ERROR;
				GCC_WARN_UNDECLARED_SELECTOR = YES;
				GCC_WARN_UNINITIALIZED_AUTOS = YES_AGGRESSIVE;
				GCC_WARN_UNUSED_FUNCTION = YES;
				GCC_WARN_UNUSED_VARIABLE = YES;
				IPHONEOS_DEPLOYMENT_TARGET = 14.5;
				MTL_ENABLE_DEBUG_INFO = INCLUDE_SOURCE;
				MTL_FAST_MATH = YES;
				ONLY_ACTIVE_ARCH = YES;
				SDKROOT = iphoneos;
				SWIFT_ACTIVE_COMPILATION_CONDITIONS = DEBUG;
				SWIFT_OPTIMIZATION_LEVEL = "-Onone";
			};
			name = Debug;
		};
		BAB1E033269DBBFA001FC3CC /* Release */ = {
			isa = XCBuildConfiguration;
			buildSettings = {
				ALWAYS_SEARCH_USER_PATHS = NO;
				CLANG_ANALYZER_NONNULL = YES;
				CLANG_ANALYZER_NUMBER_OBJECT_CONVERSION = YES_AGGRESSIVE;
				CLANG_CXX_LANGUAGE_STANDARD = "gnu++14";
				CLANG_CXX_LIBRARY = "libc++";
				CLANG_ENABLE_MODULES = YES;
				CLANG_ENABLE_OBJC_ARC = YES;
				CLANG_ENABLE_OBJC_WEAK = YES;
				CLANG_WARN_BLOCK_CAPTURE_AUTORELEASING = YES;
				CLANG_WARN_BOOL_CONVERSION = YES;
				CLANG_WARN_COMMA = YES;
				CLANG_WARN_CONSTANT_CONVERSION = YES;
				CLANG_WARN_DEPRECATED_OBJC_IMPLEMENTATIONS = YES;
				CLANG_WARN_DIRECT_OBJC_ISA_USAGE = YES_ERROR;
				CLANG_WARN_DOCUMENTATION_COMMENTS = YES;
				CLANG_WARN_EMPTY_BODY = YES;
				CLANG_WARN_ENUM_CONVERSION = YES;
				CLANG_WARN_INFINITE_RECURSION = YES;
				CLANG_WARN_INT_CONVERSION = YES;
				CLANG_WARN_NON_LITERAL_NULL_CONVERSION = YES;
				CLANG_WARN_OBJC_IMPLICIT_RETAIN_SELF = YES;
				CLANG_WARN_OBJC_LITERAL_CONVERSION = YES;
				CLANG_WARN_OBJC_ROOT_CLASS = YES_ERROR;
				CLANG_WARN_QUOTED_INCLUDE_IN_FRAMEWORK_HEADER = YES;
				CLANG_WARN_RANGE_LOOP_ANALYSIS = YES;
				CLANG_WARN_STRICT_PROTOTYPES = YES;
				CLANG_WARN_SUSPICIOUS_MOVE = YES;
				CLANG_WARN_UNGUARDED_AVAILABILITY = YES_AGGRESSIVE;
				CLANG_WARN_UNREACHABLE_CODE = YES;
				CLANG_WARN__DUPLICATE_METHOD_MATCH = YES;
				COPY_PHASE_STRIP = NO;
				DEBUG_INFORMATION_FORMAT = "dwarf-with-dsym";
				ENABLE_NS_ASSERTIONS = NO;
				ENABLE_STRICT_OBJC_MSGSEND = YES;
				GCC_C_LANGUAGE_STANDARD = gnu11;
				GCC_NO_COMMON_BLOCKS = YES;
				GCC_WARN_64_TO_32_BIT_CONVERSION = YES;
				GCC_WARN_ABOUT_RETURN_TYPE = YES_ERROR;
				GCC_WARN_UNDECLARED_SELECTOR = YES;
				GCC_WARN_UNINITIALIZED_AUTOS = YES_AGGRESSIVE;
				GCC_WARN_UNUSED_FUNCTION = YES;
				GCC_WARN_UNUSED_VARIABLE = YES;
				IPHONEOS_DEPLOYMENT_TARGET = 14.5;
				MTL_ENABLE_DEBUG_INFO = NO;
				MTL_FAST_MATH = YES;
				SDKROOT = iphoneos;
				SWIFT_COMPILATION_MODE = wholemodule;
				SWIFT_OPTIMIZATION_LEVEL = "-O";
				VALIDATE_PRODUCT = YES;
			};
			name = Release;
		};
		BAB1E035269DBBFA001FC3CC /* Debug */ = {
			isa = XCBuildConfiguration;
			buildSettings = {
				ASSETCATALOG_COMPILER_APPICON_NAME = AppIcon;
				ASSETCATALOG_COMPILER_GLOBAL_ACCENT_COLOR_NAME = AccentColor;
				CODE_SIGN_STYLE = Automatic;
				CURRENT_PROJECT_VERSION = 4;
				DEVELOPMENT_TEAM = R36LU3NVAA;
				INFOPLIST_FILE = NotesApp/Info.plist;
				LD_RUNPATH_SEARCH_PATHS = (
					"$(inherited)",
					"@executable_path/Frameworks",
				);
				MARKETING_VERSION = 1.2;
				PRODUCT_BUNDLE_IDENTIFIER = m.chevis.InstantNote;
				PRODUCT_NAME = "$(TARGET_NAME)";
				SWIFT_VERSION = 5.0;
				TARGETED_DEVICE_FAMILY = 1;
			};
			name = Debug;
		};
		BAB1E036269DBBFA001FC3CC /* Release */ = {
			isa = XCBuildConfiguration;
			buildSettings = {
				ASSETCATALOG_COMPILER_APPICON_NAME = AppIcon;
				ASSETCATALOG_COMPILER_GLOBAL_ACCENT_COLOR_NAME = AccentColor;
				CODE_SIGN_STYLE = Automatic;
				CURRENT_PROJECT_VERSION = 4;
				DEVELOPMENT_TEAM = R36LU3NVAA;
				INFOPLIST_FILE = NotesApp/Info.plist;
				LD_RUNPATH_SEARCH_PATHS = (
					"$(inherited)",
					"@executable_path/Frameworks",
				);
				MARKETING_VERSION = 1.2;
				PRODUCT_BUNDLE_IDENTIFIER = m.chevis.InstantNote;
				PRODUCT_NAME = "$(TARGET_NAME)";
				SWIFT_VERSION = 5.0;
				TARGETED_DEVICE_FAMILY = 1;
			};
			name = Release;
		};
/* End XCBuildConfiguration section */

/* Begin XCConfigurationList section */
		5BFD81E4278DB2FA004833F5 /* Build configuration list for PBXNativeTarget "NotesAppTests" */ = {
			isa = XCConfigurationList;
			buildConfigurations = (
				5BFD81E2278DB2FA004833F5 /* Debug */,
				5BFD81E3278DB2FA004833F5 /* Release */,
			);
			defaultConfigurationIsVisible = 0;
			defaultConfigurationName = Release;
		};
		BAB1E018269DBBF8001FC3CC /* Build configuration list for PBXProject "NotesApp" */ = {
			isa = XCConfigurationList;
			buildConfigurations = (
				BAB1E032269DBBFA001FC3CC /* Debug */,
				BAB1E033269DBBFA001FC3CC /* Release */,
			);
			defaultConfigurationIsVisible = 0;
			defaultConfigurationName = Release;
		};
		BAB1E034269DBBFA001FC3CC /* Build configuration list for PBXNativeTarget "NotesApp" */ = {
			isa = XCConfigurationList;
			buildConfigurations = (
				BAB1E035269DBBFA001FC3CC /* Debug */,
				BAB1E036269DBBFA001FC3CC /* Release */,
			);
			defaultConfigurationIsVisible = 0;
			defaultConfigurationName = Release;
		};
/* End XCConfigurationList section */

/* Begin XCRemoteSwiftPackageReference section */
		5B35900B2796ED3600ECF0C1 /* XCRemoteSwiftPackageReference "swift-snapshot-testing" */ = {
			isa = XCRemoteSwiftPackageReference;
			repositoryURL = "https://github.com/pointfreeco/swift-snapshot-testing";
			requirement = {
				branch = main;
				kind = branch;
			};
		};
/* End XCRemoteSwiftPackageReference section */

/* Begin XCSwiftPackageProductDependency section */
		5B35900C2796ED3600ECF0C1 /* SnapshotTesting */ = {
			isa = XCSwiftPackageProductDependency;
			package = 5B35900B2796ED3600ECF0C1 /* XCRemoteSwiftPackageReference "swift-snapshot-testing" */;
			productName = SnapshotTesting;
		};
/* End XCSwiftPackageProductDependency section */

/* Begin XCVersionGroup section */
		BAB1E029269DBBF8001FC3CC /* NotesModel.xcdatamodeld */ = {
			isa = XCVersionGroup;
			children = (
				BAB1E02A269DBBF8001FC3CC /* NotesApp.xcdatamodel */,
			);
			currentVersion = BAB1E02A269DBBF8001FC3CC /* NotesApp.xcdatamodel */;
			path = NotesModel.xcdatamodeld;
			sourceTree = "<group>";
			versionGroupType = wrapper.xcdatamodel;
		};
/* End XCVersionGroup section */
	};
	rootObject = BAB1E015269DBBF8001FC3CC /* Project object */;
}
